Microsoft Visual Studio Solution File, Format Version 12.00
# Visual Studio Version 17
VisualStudioVersion = 17.5.2.0
MinimumVisualStudioVersion = 10.0.40219.1
Project("{FAE04EC0-301F-11D3-BF4B-00C04F79EFBC}") = "W01AssignmentNETApplications", "W01AssignmentNETApplications.csproj", "{F1E77C0D-BA04-BA50-EF9A-B2F8DCC7E52F}"
EndProject
Global
	GlobalSection(SolutionConfigurationPlatforms) = preSolution
		Debug|Any CPU = Debug|Any CPU
		Release|Any CPU = Release|Any CPU
	EndGlobalSection
	GlobalSection(ProjectConfigurationPlatforms) = postSolution
		{F1E77C0D-BA04-BA50-EF9A-B2F8DCC7E52F}.Debug|Any CPU.ActiveCfg = Debug|Any CPU
		{F1E77C0D-BA04-BA50-EF9A-B2F8DCC7E52F}.Debug|Any CPU.Build.0 = Debug|Any CPU
		{F1E77C0D-BA04-BA50-EF9A-B2F8DCC7E52F}.Release|Any CPU.ActiveCfg = Release|Any CPU
		{F1E77C0D-BA04-BA50-EF9A-B2F8DCC7E52F}.Release|Any CPU.Build.0 = Release|Any CPU
	EndGlobalSection
	GlobalSection(SolutionProperties) = preSolution
		HideSolutionNode = FALSE
	EndGlobalSection
	GlobalSection(ExtensibilityGlobals) = postSolution
		SolutionGuid = {622AB168-EB18-47EF-BE43-00A65D69F4D1}
	EndGlobalSection
EndGlobal
